
Microsoft Visual Studio Solution File, Format Version 12.00
# Visual Studio 15
VisualStudioVersion = 15.0.28010.2048
MinimumVisualStudioVersion = 10.0.40219.1
Project("{FAE04EC0-301F-11D3-BF4B-00C04F79EFBC}") = "PhotoKnow", "PhotoKnow\PhotoKnow.csproj", "{0D7381BD-077A-4002-8543-AE9948FBC3F0}"
EndProject
Global
	GlobalSection(SolutionConfigurationPlatforms) = preSolution
		Debug|Any CPU = Debug|Any CPU
		Release|Any CPU = Release|Any CPU
	EndGlobalSection
	GlobalSection(ProjectConfigurationPlatforms) = postSolution
		{0D7381BD-077A-4002-8543-AE9948FBC3F0}.Debug|Any CPU.ActiveCfg = Debug|Any CPU
		{0D7381BD-077A-4002-8543-AE9948FBC3F0}.Debug|Any CPU.Build.0 = Debug|Any CPU
		{0D7381BD-077A-4002-8543-AE9948FBC3F0}.Release|Any CPU.ActiveCfg = Release|Any CPU
		{0D7381BD-077A-4002-8543-AE9948FBC3F0}.Release|Any CPU.Build.0 = Release|Any CPU
	EndGlobalSection
	GlobalSection(SolutionProperties) = preSolution
		HideSolutionNode = FALSE
	EndGlobalSection
	GlobalSection(ExtensibilityGlobals) = postSolution
		SolutionGuid = {BEC8875E-32BB-4360-BE35-3431FA4D1A5E}
	EndGlobalSection
EndGlobal
